// !$*UTF8*$!
{
	archiveVersion = 1;
	classes = {
	};
	objectVersion = 46;
	objects = {

/* Begin PBXBuildFile section */
		A609DA841F3328F900064812 /* LoginController.swift in Sources */ = {isa = PBXBuildFile; fileRef = A609DA831F3328F900064812 /* LoginController.swift */; };
		A609DA851F3328F900064812 /* LoginController.swift in Sources */ = {isa = PBXBuildFile; fileRef = A609DA831F3328F900064812 /* LoginController.swift */; };
		A609DA871F332A6800064812 /* VK.swift in Sources */ = {isa = PBXBuildFile; fileRef = A609DA861F332A6800064812 /* VK.swift */; };
		A609DA881F332A6800064812 /* VK.swift in Sources */ = {isa = PBXBuildFile; fileRef = A609DA861F332A6800064812 /* VK.swift */; };
		A609DA8A1F332D2000064812 /* MainController.swift in Sources */ = {isa = PBXBuildFile; fileRef = A609DA891F332D2000064812 /* MainController.swift */; };
		A609DA8B1F332D2000064812 /* MainController.swift in Sources */ = {isa = PBXBuildFile; fileRef = A609DA891F332D2000064812 /* MainController.swift */; };
		A609DA901F33371600064812 /* Extensions.swift in Sources */ = {isa = PBXBuildFile; fileRef = A609DA8F1F33371600064812 /* Extensions.swift */; };
		A609DA911F33371600064812 /* Extensions.swift in Sources */ = {isa = PBXBuildFile; fileRef = A609DA8F1F33371600064812 /* Extensions.swift */; };
		A609DA931F33384000064812 /* UserTableViewCell.swift in Sources */ = {isa = PBXBuildFile; fileRef = A609DA921F33384000064812 /* UserTableViewCell.swift */; };
		A609DA951F334B4500064812 /* MessageViewController.swift in Sources */ = {isa = PBXBuildFile; fileRef = A609DA941F334B4500064812 /* MessageViewController.swift */; };
		A665DB301F331A8D0005BE6A /* AppDelegate.swift in Sources */ = {isa = PBXBuildFile; fileRef = A665DB2F1F331A8D0005BE6A /* AppDelegate.swift */; };
		A665DB321F331A8D0005BE6A /* ViewController.swift in Sources */ = {isa = PBXBuildFile; fileRef = A665DB311F331A8D0005BE6A /* ViewController.swift */; };
		A665DB351F331A8E0005BE6A /* Main.storyboard in Resources */ = {isa = PBXBuildFile; fileRef = A665DB331F331A8D0005BE6A /* Main.storyboard */; };
		A665DB381F331A8E0005BE6A /* vkauth.xcdatamodeld in Sources */ = {isa = PBXBuildFile; fileRef = A665DB361F331A8E0005BE6A /* vkauth.xcdatamodeld */; };
		A665DB3A1F331A8E0005BE6A /* Assets.xcassets in Resources */ = {isa = PBXBuildFile; fileRef = A665DB391F331A8E0005BE6A /* Assets.xcassets */; };
		A665DB3D1F331A8E0005BE6A /* LaunchScreen.storyboard in Resources */ = {isa = PBXBuildFile; fileRef = A665DB3B1F331A8E0005BE6A /* LaunchScreen.storyboard */; };
		A665DB481F331A8E0005BE6A /* vkauthTests.swift in Sources */ = {isa = PBXBuildFile; fileRef = A665DB471F331A8E0005BE6A /* vkauthTests.swift */; };
		A665DB531F331A8E0005BE6A /* vkauthUITests.swift in Sources */ = {isa = PBXBuildFile; fileRef = A665DB521F331A8E0005BE6A /* vkauthUITests.swift */; };
		AE7A3775E5F423DB51DFF7BE /* Pods_vkauth.framework in Frameworks */ = {isa = PBXBuildFile; fileRef = 3F3197E5FCE7AA7E3577894B /* Pods_vkauth.framework */; };
		E40937D2B2899C2F31759A4D /* Pods_vkauthUITests.framework in Frameworks */ = {isa = PBXBuildFile; fileRef = 7D4D5CBA9268883B0A0DE479 /* Pods_vkauthUITests.framework */; };
		F0DD8CDFF9B3A22B56B3F89C /* Pods_vkauthTests.framework in Frameworks */ = {isa = PBXBuildFile; fileRef = 18B95239A4A514483C716140 /* Pods_vkauthTests.framework */; };
/* End PBXBuildFile section */

/* Begin PBXContainerItemProxy section */
		A665DB441F331A8E0005BE6A /* PBXContainerItemProxy */ = {
			isa = PBXContainerItemProxy;
			containerPortal = A665DB241F331A8D0005BE6A /* Project object */;
			proxyType = 1;
			remoteGlobalIDString = A665DB2B1F331A8D0005BE6A;
			remoteInfo = vkauth;
		};
		A665DB4F1F331A8E0005BE6A /* PBXContainerItemProxy */ = {
			isa = PBXContainerItemProxy;
			containerPortal = A665DB241F331A8D0005BE6A /* Project object */;
			proxyType = 1;
			remoteGlobalIDString = A665DB2B1F331A8D0005BE6A;
			remoteInfo = vkauth;
		};
/* End PBXContainerItemProxy section */

/* Begin PBXFileReference section */
		0E9398230268BF0C400ED459 /* Pods-vkauth.debug.xcconfig */ = {isa = PBXFileReference; includeInIndex = 1; lastKnownFileType = text.xcconfig; name = "Pods-vkauth.debug.xcconfig"; path = "Pods/Target Support Files/Pods-vkauth/Pods-vkauth.debug.xcconfig"; sourceTree = "<group>"; };
		18B95239A4A514483C716140 /* Pods_vkauthTests.framework */ = {isa = PBXFileReference; explicitFileType = wrapper.framework; includeInIndex = 0; path = Pods_vkauthTests.framework; sourceTree = BUILT_PRODUCTS_DIR; };
		20FDBF9224480BCCD2C6A5BA /* Pods-vkauthTests.release.xcconfig */ = {isa = PBXFileReference; includeInIndex = 1; lastKnownFileType = text.xcconfig; name = "Pods-vkauthTests.release.xcconfig"; path = "Pods/Target Support Files/Pods-vkauthTests/Pods-vkauthTests.release.xcconfig"; sourceTree = "<group>"; };
		3F3197E5FCE7AA7E3577894B /* Pods_vkauth.framework */ = {isa = PBXFileReference; explicitFileType = wrapper.framework; includeInIndex = 0; path = Pods_vkauth.framework; sourceTree = BUILT_PRODUCTS_DIR; };
		547EF9D26459ED5ACCA63CC9 /* Pods-vkauth.release.xcconfig */ = {isa = PBXFileReference; includeInIndex = 1; lastKnownFileType = text.xcconfig; name = "Pods-vkauth.release.xcconfig"; path = "Pods/Target Support Files/Pods-vkauth/Pods-vkauth.release.xcconfig"; sourceTree = "<group>"; };
		7D4D5CBA9268883B0A0DE479 /* Pods_vkauthUITests.framework */ = {isa = PBXFileReference; explicitFileType = wrapper.framework; includeInIndex = 0; path = Pods_vkauthUITests.framework; sourceTree = BUILT_PRODUCTS_DIR; };
		82116369151C4B647882E28C /* Pods-vkauthUITests.debug.xcconfig */ = {isa = PBXFileReference; includeInIndex = 1; lastKnownFileType = text.xcconfig; name = "Pods-vkauthUITests.debug.xcconfig"; path = "Pods/Target Support Files/Pods-vkauthUITests/Pods-vkauthUITests.debug.xcconfig"; sourceTree = "<group>"; };
		A609DA831F3328F900064812 /* LoginController.swift */ = {isa = PBXFileReference; fileEncoding = 4; lastKnownFileType = sourcecode.swift; path = LoginController.swift; sourceTree = "<group>"; };
		A609DA861F332A6800064812 /* VK.swift */ = {isa = PBXFileReference; fileEncoding = 4; lastKnownFileType = sourcecode.swift; path = VK.swift; sourceTree = "<group>"; };
		A609DA891F332D2000064812 /* MainController.swift */ = {isa = PBXFileReference; fileEncoding = 4; lastKnownFileType = sourcecode.swift; path = MainController.swift; sourceTree = "<group>"; };
		A609DA8F1F33371600064812 /* Extensions.swift */ = {isa = PBXFileReference; fileEncoding = 4; lastKnownFileType = sourcecode.swift; path = Extensions.swift; sourceTree = "<group>"; };
		A609DA921F33384000064812 /* UserTableViewCell.swift */ = {isa = PBXFileReference; fileEncoding = 4; lastKnownFileType = sourcecode.swift; path = UserTableViewCell.swift; sourceTree = "<group>"; };
		A609DA941F334B4500064812 /* MessageViewController.swift */ = {isa = PBXFileReference; fileEncoding = 4; lastKnownFileType = sourcecode.swift; path = MessageViewController.swift; sourceTree = "<group>"; };
		A665DB2C1F331A8D0005BE6A /* vkauth.app */ = {isa = PBXFileReference; explicitFileType = wrapper.application; includeInIndex = 0; path = vkauth.app; sourceTree = BUILT_PRODUCTS_DIR; };
		A665DB2F1F331A8D0005BE6A /* AppDelegate.swift */ = {isa = PBXFileReference; lastKnownFileType = sourcecode.swift; path = AppDelegate.swift; sourceTree = "<group>"; };
		A665DB311F331A8D0005BE6A /* ViewController.swift */ = {isa = PBXFileReference; lastKnownFileType = sourcecode.swift; path = ViewController.swift; sourceTree = "<group>"; };
		A665DB341F331A8D0005BE6A /* Base */ = {isa = PBXFileReference; lastKnownFileType = file.storyboard; name = Base; path = Base.lproj/Main.storyboard; sourceTree = "<group>"; };
		A665DB371F331A8E0005BE6A /* vkauth.xcdatamodel */ = {isa = PBXFileReference; lastKnownFileType = wrapper.xcdatamodel; path = vkauth.xcdatamodel; sourceTree = "<group>"; };
		A665DB391F331A8E0005BE6A /* Assets.xcassets */ = {isa = PBXFileReference; lastKnownFileType = folder.assetcatalog; path = Assets.xcassets; sourceTree = "<group>"; };
		A665DB3C1F331A8E0005BE6A /* Base */ = {isa = PBXFileReference; lastKnownFileType = file.storyboard; name = Base; path = Base.lproj/LaunchScreen.storyboard; sourceTree = "<group>"; };
		A665DB3E1F331A8E0005BE6A /* Info.plist */ = {isa = PBXFileReference; lastKnownFileType = text.plist.xml; path = Info.plist; sourceTree = "<group>"; };
		A665DB431F331A8E0005BE6A /* vkauthTests.xctest */ = {isa = PBXFileReference; explicitFileType = wrapper.cfbundle; includeInIndex = 0; path = vkauthTests.xctest; sourceTree = BUILT_PRODUCTS_DIR; };
		A665DB471F331A8E0005BE6A /* vkauthTests.swift */ = {isa = PBXFileReference; lastKnownFileType = sourcecode.swift; path = vkauthTests.swift; sourceTree = "<group>"; };
		A665DB491F331A8E0005BE6A /* Info.plist */ = {isa = PBXFileReference; lastKnownFileType = text.plist.xml; path = Info.plist; sourceTree = "<group>"; };
		A665DB4E1F331A8E0005BE6A /* vkauthUITests.xctest */ = {isa = PBXFileReference; explicitFileType = wrapper.cfbundle; includeInIndex = 0; path = vkauthUITests.xctest; sourceTree = BUILT_PRODUCTS_DIR; };
		A665DB521F331A8E0005BE6A /* vkauthUITests.swift */ = {isa = PBXFileReference; lastKnownFileType = sourcecode.swift; path = vkauthUITests.swift; sourceTree = "<group>"; };
		A665DB541F331A8E0005BE6A /* Info.plist */ = {isa = PBXFileReference; lastKnownFileType = text.plist.xml; path = Info.plist; sourceTree = "<group>"; };
		A9CEE7ABA0C84361B9D91F56 /* Pods-vkauthTests.debug.xcconfig */ = {isa = PBXFileReference; includeInIndex = 1; lastKnownFileType = text.xcconfig; name = "Pods-vkauthTests.debug.xcconfig"; path = "Pods/Target Support Files/Pods-vkauthTests/Pods-vkauthTests.debug.xcconfig"; sourceTree = "<group>"; };
		BCA99BD3447E951029C070CF /* Pods-vkauthUITests.release.xcconfig */ = {isa = PBXFileReference; includeInIndex = 1; lastKnownFileType = text.xcconfig; name = "Pods-vkauthUITests.release.xcconfig"; path = "Pods/Target Support Files/Pods-vkauthUITests/Pods-vkauthUITests.release.xcconfig"; sourceTree = "<group>"; };
/* End PBXFileReference section */

/* Begin PBXFrameworksBuildPhase section */
		A665DB291F331A8D0005BE6A /* Frameworks */ = {
			isa = PBXFrameworksBuildPhase;
			buildActionMask = 2147483647;
			files = (
				AE7A3775E5F423DB51DFF7BE /* Pods_vkauth.framework in Frameworks */,
			);
			runOnlyForDeploymentPostprocessing = 0;
		};
		A665DB401F331A8E0005BE6A /* Frameworks */ = {
			isa = PBXFrameworksBuildPhase;
			buildActionMask = 2147483647;
			files = (
				F0DD8CDFF9B3A22B56B3F89C /* Pods_vkauthTests.framework in Frameworks */,
			);
			runOnlyForDeploymentPostprocessing = 0;
		};
		A665DB4B1F331A8E0005BE6A /* Frameworks */ = {
			isa = PBXFrameworksBuildPhase;
			buildActionMask = 2147483647;
			files = (
				E40937D2B2899C2F31759A4D /* Pods_vkauthUITests.framework in Frameworks */,
			);
			runOnlyForDeploymentPostprocessing = 0;
		};
/* End PBXFrameworksBuildPhase section */

/* Begin PBXGroup section */
		24182A6F9D3328879C1D2792 /* Pods */ = {
			isa = PBXGroup;
			children = (
				0E9398230268BF0C400ED459 /* Pods-vkauth.debug.xcconfig */,
				547EF9D26459ED5ACCA63CC9 /* Pods-vkauth.release.xcconfig */,
				A9CEE7ABA0C84361B9D91F56 /* Pods-vkauthTests.debug.xcconfig */,
				20FDBF9224480BCCD2C6A5BA /* Pods-vkauthTests.release.xcconfig */,
				82116369151C4B647882E28C /* Pods-vkauthUITests.debug.xcconfig */,
				BCA99BD3447E951029C070CF /* Pods-vkauthUITests.release.xcconfig */,
			);
			name = Pods;
			sourceTree = "<group>";
		};
		A665DB231F331A8D0005BE6A = {
			isa = PBXGroup;
			children = (
				A665DB2E1F331A8D0005BE6A /* vkauth */,
				A665DB461F331A8E0005BE6A /* vkauthTests */,
				A665DB511F331A8E0005BE6A /* vkauthUITests */,
				A665DB2D1F331A8D0005BE6A /* Products */,
				24182A6F9D3328879C1D2792 /* Pods */,
				F7E24F927B8299974CE584B5 /* Frameworks */,
			);
			sourceTree = "<group>";
		};
		A665DB2D1F331A8D0005BE6A /* Products */ = {
			isa = PBXGroup;
			children = (
				A665DB2C1F331A8D0005BE6A /* vkauth.app */,
				A665DB431F331A8E0005BE6A /* vkauthTests.xctest */,
				A665DB4E1F331A8E0005BE6A /* vkauthUITests.xctest */,
			);
			name = Products;
			sourceTree = "<group>";
		};
		A665DB2E1F331A8D0005BE6A /* vkauth */ = {
			isa = PBXGroup;
			children = (
				A665DB2F1F331A8D0005BE6A /* AppDelegate.swift */,
				A665DB311F331A8D0005BE6A /* ViewController.swift */,
				A665DB331F331A8D0005BE6A /* Main.storyboard */,
				A665DB391F331A8E0005BE6A /* Assets.xcassets */,
				A665DB3B1F331A8E0005BE6A /* LaunchScreen.storyboard */,
				A665DB3E1F331A8E0005BE6A /* Info.plist */,
				A665DB361F331A8E0005BE6A /* vkauth.xcdatamodeld */,
				A609DA861F332A6800064812 /* VK.swift */,
				A609DA831F3328F900064812 /* LoginController.swift */,
				A609DA891F332D2000064812 /* MainController.swift */,
				A609DA8F1F33371600064812 /* Extensions.swift */,
				A609DA921F33384000064812 /* UserTableViewCell.swift */,
				A609DA941F334B4500064812 /* MessageViewController.swift */,
			);
			path = vkauth;
			sourceTree = "<group>";
		};
		A665DB461F331A8E0005BE6A /* vkauthTests */ = {
			isa = PBXGroup;
			children = (
				A665DB471F331A8E0005BE6A /* vkauthTests.swift */,
				A665DB491F331A8E0005BE6A /* Info.plist */,
			);
			path = vkauthTests;
			sourceTree = "<group>";
		};
		A665DB511F331A8E0005BE6A /* vkauthUITests */ = {
			isa = PBXGroup;
			children = (
				A665DB521F331A8E0005BE6A /* vkauthUITests.swift */,
				A665DB541F331A8E0005BE6A /* Info.plist */,
			);
			path = vkauthUITests;
			sourceTree = "<group>";
		};
		F7E24F927B8299974CE584B5 /* Frameworks */ = {
			isa = PBXGroup;
			children = (
				3F3197E5FCE7AA7E3577894B /* Pods_vkauth.framework */,
				18B95239A4A514483C716140 /* Pods_vkauthTests.framework */,
				7D4D5CBA9268883B0A0DE479 /* Pods_vkauthUITests.framework */,
			);
			name = Frameworks;
			sourceTree = "<group>";
		};
/* End PBXGroup section */

/* Begin PBXNativeTarget section */
		A665DB2B1F331A8D0005BE6A /* vkauth */ = {
			isa = PBXNativeTarget;
			buildConfigurationList = A665DB571F331A8E0005BE6A /* Build configuration list for PBXNativeTarget "vkauth" */;
			buildPhases = (
				E9D0A54AD787D412D2C19D4C /* [CP] Check Pods Manifest.lock */,
				A665DB281F331A8D0005BE6A /* Sources */,
				A665DB291F331A8D0005BE6A /* Frameworks */,
				A665DB2A1F331A8D0005BE6A /* Resources */,
				E2E37619C43882FDC10C5387 /* [CP] Embed Pods Frameworks */,
				5D62DFB9DED8F9293467CD3B /* [CP] Copy Pods Resources */,
			);
			buildRules = (
			);
			dependencies = (
			);
			name = vkauth;
			productName = vkauth;
			productReference = A665DB2C1F331A8D0005BE6A /* vkauth.app */;
			productType = "com.apple.product-type.application";
		};
		A665DB421F331A8E0005BE6A /* vkauthTests */ = {
			isa = PBXNativeTarget;
			buildConfigurationList = A665DB5A1F331A8E0005BE6A /* Build configuration list for PBXNativeTarget "vkauthTests" */;
			buildPhases = (
				2B6C80C4F1FFFD163FB68B23 /* [CP] Check Pods Manifest.lock */,
				A665DB3F1F331A8E0005BE6A /* Sources */,
				A665DB401F331A8E0005BE6A /* Frameworks */,
				A665DB411F331A8E0005BE6A /* Resources */,
				BE0811A3F841B700968EFC97 /* [CP] Embed Pods Frameworks */,
				E8C0FBF118251C9196D2C691 /* [CP] Copy Pods Resources */,
			);
			buildRules = (
			);
			dependencies = (
				A665DB451F331A8E0005BE6A /* PBXTargetDependency */,
			);
			name = vkauthTests;
			productName = vkauthTests;
			productReference = A665DB431F331A8E0005BE6A /* vkauthTests.xctest */;
			productType = "com.apple.product-type.bundle.unit-test";
		};
		A665DB4D1F331A8E0005BE6A /* vkauthUITests */ = {
			isa = PBXNativeTarget;
			buildConfigurationList = A665DB5D1F331A8E0005BE6A /* Build configuration list for PBXNativeTarget "vkauthUITests" */;
			buildPhases = (
				5A6620BC698862386EBB5163 /* [CP] Check Pods Manifest.lock */,
				A665DB4A1F331A8E0005BE6A /* Sources */,
				A665DB4B1F331A8E0005BE6A /* Frameworks */,
				A665DB4C1F331A8E0005BE6A /* Resources */,
				2ACB41AE6227E3C84338608F /* [CP] Embed Pods Frameworks */,
				6FE6181D21483942656C660C /* [CP] Copy Pods Resources */,
			);
			buildRules = (
			);
			dependencies = (
				A665DB501F331A8E0005BE6A /* PBXTargetDependency */,
			);
			name = vkauthUITests;
			productName = vkauthUITests;
			productReference = A665DB4E1F331A8E0005BE6A /* vkauthUITests.xctest */;
			productType = "com.apple.product-type.bundle.ui-testing";
		};
/* End PBXNativeTarget section */

/* Begin PBXProject section */
		A665DB241F331A8D0005BE6A /* Project object */ = {
			isa = PBXProject;
			attributes = {
				LastSwiftUpdateCheck = 0830;
				LastUpgradeCheck = 0830;
				ORGANIZATIONNAME = "Mikhail Rymarev";
				TargetAttributes = {
					A665DB2B1F331A8D0005BE6A = {
						CreatedOnToolsVersion = 8.3.3;
						DevelopmentTeam = M74AA7438P;
						ProvisioningStyle = Automatic;
					};
					A665DB421F331A8E0005BE6A = {
						CreatedOnToolsVersion = 8.3.3;
						DevelopmentTeam = M74AA7438P;
						ProvisioningStyle = Automatic;
						TestTargetID = A665DB2B1F331A8D0005BE6A;
					};
					A665DB4D1F331A8E0005BE6A = {
						CreatedOnToolsVersion = 8.3.3;
						DevelopmentTeam = M74AA7438P;
						ProvisioningStyle = Automatic;
						TestTargetID = A665DB2B1F331A8D0005BE6A;
					};
				};
			};
			buildConfigurationList = A665DB271F331A8D0005BE6A /* Build configuration list for PBXProject "vkauth" */;
			compatibilityVersion = "Xcode 3.2";
			developmentRegion = English;
			hasScannedForEncodings = 0;
			knownRegions = (
				en,
				Base,
			);
			mainGroup = A665DB231F331A8D0005BE6A;
			productRefGroup = A665DB2D1F331A8D0005BE6A /* Products */;
			projectDirPath = "";
			projectRoot = "";
			targets = (
				A665DB2B1F331A8D0005BE6A /* vkauth */,
				A665DB421F331A8E0005BE6A /* vkauthTests */,
				A665DB4D1F331A8E0005BE6A /* vkauthUITests */,
			);
		};
/* End PBXProject section */

/* Begin PBXResourcesBuildPhase section */
		A665DB2A1F331A8D0005BE6A /* Resources */ = {
			isa = PBXResourcesBuildPhase;
			buildActionMask = 2147483647;
			files = (
				A665DB3D1F331A8E0005BE6A /* LaunchScreen.storyboard in Resources */,
				A665DB3A1F331A8E0005BE6A /* Assets.xcassets in Resources */,
				A665DB351F331A8E0005BE6A /* Main.storyboard in Resources */,
			);
			runOnlyForDeploymentPostprocessing = 0;
		};
		A665DB411F331A8E0005BE6A /* Resources */ = {
			isa = PBXResourcesBuildPhase;
			buildActionMask = 2147483647;
			files = (
			);
			runOnlyForDeploymentPostprocessing = 0;
		};
		A665DB4C1F331A8E0005BE6A /* Resources */ = {
			isa = PBXResourcesBuildPhase;
			buildActionMask = 2147483647;
			files = (
			);
			runOnlyForDeploymentPostprocessing = 0;
		};
/* End PBXResourcesBuildPhase section */

/* Begin PBXShellScriptBuildPhase section */
		2ACB41AE6227E3C84338608F /* [CP] Embed Pods Frameworks */ = {
			isa = PBXShellScriptBuildPhase;
			buildActionMask = 2147483647;
			files = (
			);
			inputPaths = (
			);
			name = "[CP] Embed Pods Frameworks";
			outputPaths = (
			);
			runOnlyForDeploymentPostprocessing = 0;
			shellPath = /bin/sh;
			shellScript = "\"${SRCROOT}/Pods/Target Support Files/Pods-vkauthUITests/Pods-vkauthUITests-frameworks.sh\"\n";
			showEnvVarsInLog = 0;
		};
		2B6C80C4F1FFFD163FB68B23 /* [CP] Check Pods Manifest.lock */ = {
			isa = PBXShellScriptBuildPhase;
			buildActionMask = 2147483647;
			files = (
			);
			inputPaths = (
			);
			name = "[CP] Check Pods Manifest.lock";
			outputPaths = (
			);
			runOnlyForDeploymentPostprocessing = 0;
			shellPath = /bin/sh;
			shellScript = "diff \"${PODS_ROOT}/../Podfile.lock\" \"${PODS_ROOT}/Manifest.lock\" > /dev/null\nif [ $? != 0 ] ; then\n    # print error to STDERR\n    echo \"error: The sandbox is not in sync with the Podfile.lock. Run 'pod install' or update your CocoaPods installation.\" >&2\n    exit 1\nfi\n";
			showEnvVarsInLog = 0;
		};
		5A6620BC698862386EBB5163 /* [CP] Check Pods Manifest.lock */ = {
			isa = PBXShellScriptBuildPhase;
			buildActionMask = 2147483647;
			files = (
			);
			inputPaths = (
			);
			name = "[CP] Check Pods Manifest.lock";
			outputPaths = (
			);
			runOnlyForDeploymentPostprocessing = 0;
			shellPath = /bin/sh;
			shellScript = "diff \"${PODS_ROOT}/../Podfile.lock\" \"${PODS_ROOT}/Manifest.lock\" > /dev/null\nif [ $? != 0 ] ; then\n    # print error to STDERR\n    echo \"error: The sandbox is not in sync with the Podfile.lock. Run 'pod install' or update your CocoaPods installation.\" >&2\n    exit 1\nfi\n";
			showEnvVarsInLog = 0;
		};
		5D62DFB9DED8F9293467CD3B /* [CP] Copy Pods Resources */ = {
			isa = PBXShellScriptBuildPhase;
			buildActionMask = 2147483647;
			files = (
			);
			inputPaths = (
			);
			name = "[CP] Copy Pods Resources";
			outputPaths = (
			);
			runOnlyForDeploymentPostprocessing = 0;
			shellPath = /bin/sh;
			shellScript = "\"${SRCROOT}/Pods/Target Support Files/Pods-vkauth/Pods-vkauth-resources.sh\"\n";
			showEnvVarsInLog = 0;
		};
		6FE6181D21483942656C660C /* [CP] Copy Pods Resources */ = {
			isa = PBXShellScriptBuildPhase;
			buildActionMask = 2147483647;
			files = (
			);
			inputPaths = (
			);
			name = "[CP] Copy Pods Resources";
			outputPaths = (
			);
			runOnlyForDeploymentPostprocessing = 0;
			shellPath = /bin/sh;
			shellScript = "\"${SRCROOT}/Pods/Target Support Files/Pods-vkauthUITests/Pods-vkauthUITests-resources.sh\"\n";
			showEnvVarsInLog = 0;
		};
		BE0811A3F841B700968EFC97 /* [CP] Embed Pods Frameworks */ = {
			isa = PBXShellScriptBuildPhase;
			buildActionMask = 2147483647;
			files = (
			);
			inputPaths = (
			);
			name = "[CP] Embed Pods Frameworks";
			outputPaths = (
			);
			runOnlyForDeploymentPostprocessing = 0;
			shellPath = /bin/sh;
			shellScript = "\"${SRCROOT}/Pods/Target Support Files/Pods-vkauthTests/Pods-vkauthTests-frameworks.sh\"\n";
			showEnvVarsInLog = 0;
		};
		E2E37619C43882FDC10C5387 /* [CP] Embed Pods Frameworks */ = {
			isa = PBXShellScriptBuildPhase;
			buildActionMask = 2147483647;
			files = (
			);
			inputPaths = (
			);
			name = "[CP] Embed Pods Frameworks";
			outputPaths = (
			);
			runOnlyForDeploymentPostprocessing = 0;
			shellPath = /bin/sh;
			shellScript = "\"${SRCROOT}/Pods/Target Support Files/Pods-vkauth/Pods-vkauth-frameworks.sh\"\n";
			showEnvVarsInLog = 0;
		};
		E8C0FBF118251C9196D2C691 /* [CP] Copy Pods Resources */ = {
			isa = PBXShellScriptBuildPhase;
			buildActionMask = 2147483647;
			files = (
			);
			inputPaths = (
			);
			name = "[CP] Copy Pods Resources";
			outputPaths = (
			);
			runOnlyForDeploymentPostprocessing = 0;
			shellPath = /bin/sh;
			shellScript = "\"${SRCROOT}/Pods/Target Support Files/Pods-vkauthTests/Pods-vkauthTests-resources.sh\"\n";
			showEnvVarsInLog = 0;
		};
		E9D0A54AD787D412D2C19D4C /* [CP] Check Pods Manifest.lock */ = {
			isa = PBXShellScriptBuildPhase;
			buildActionMask = 2147483647;
			files = (
			);
			inputPaths = (
			);
			name = "[CP] Check Pods Manifest.lock";
			outputPaths = (
			);
			runOnlyForDeploymentPostprocessing = 0;
			shellPath = /bin/sh;
			shellScript = "diff \"${PODS_ROOT}/../Podfile.lock\" \"${PODS_ROOT}/Manifest.lock\" > /dev/null\nif [ $? != 0 ] ; then\n    # print error to STDERR\n    echo \"error: The sandbox is not in sync with the Podfile.lock. Run 'pod install' or update your CocoaPods installation.\" >&2\n    exit 1\nfi\n";
			showEnvVarsInLog = 0;
		};
/* End PBXShellScriptBuildPhase section */

/* Begin PBXSourcesBuildPhase section */
		A665DB281F331A8D0005BE6A /* Sources */ = {
			isa = PBXSourcesBuildPhase;
			buildActionMask = 2147483647;
			files = (
				A665DB381F331A8E0005BE6A /* vkauth.xcdatamodeld in Sources */,
				A609DA951F334B4500064812 /* MessageViewController.swift in Sources */,
				A609DA841F3328F900064812 /* LoginController.swift in Sources */,
				A665DB321F331A8D0005BE6A /* ViewController.swift in Sources */,
				A609DA871F332A6800064812 /* VK.swift in Sources */,
				A609DA931F33384000064812 /* UserTableViewCell.swift in Sources */,
				A609DA8A1F332D2000064812 /* MainController.swift in Sources */,
				A665DB301F331A8D0005BE6A /* AppDelegate.swift in Sources */,
				A609DA901F33371600064812 /* Extensions.swift in Sources */,
			);
			runOnlyForDeploymentPostprocessing = 0;
		};
		A665DB3F1F331A8E0005BE6A /* Sources */ = {
			isa = PBXSourcesBuildPhase;
			buildActionMask = 2147483647;
			files = (
				A609DA911F33371600064812 /* Extensions.swift in Sources */,
				A609DA8B1F332D2000064812 /* MainController.swift in Sources */,
				A665DB481F331A8E0005BE6A /* vkauthTests.swift in Sources */,
				A609DA851F3328F900064812 /* LoginController.swift in Sources */,
				A609DA881F332A6800064812 /* VK.swift in Sources */,
			);
			runOnlyForDeploymentPostprocessing = 0;
		};
		A665DB4A1F331A8E0005BE6A /* Sources */ = {
			isa = PBXSourcesBuildPhase;
			buildActionMask = 2147483647;
			files = (
				A665DB531F331A8E0005BE6A /* vkauthUITests.swift in Sources */,
			);
			runOnlyForDeploymentPostprocessing = 0;
		};
/* End PBXSourcesBuildPhase section */

/* Begin PBXTargetDependency section */
		A665DB451F331A8E0005BE6A /* PBXTargetDependency */ = {
			isa = PBXTargetDependency;
			target = A665DB2B1F331A8D0005BE6A /* vkauth */;
			targetProxy = A665DB441F331A8E0005BE6A /* PBXContainerItemProxy */;
		};
		A665DB501F331A8E0005BE6A /* PBXTargetDependency */ = {
			isa = PBXTargetDependency;
			target = A665DB2B1F331A8D0005BE6A /* vkauth */;
			targetProxy = A665DB4F1F331A8E0005BE6A /* PBXContainerItemProxy */;
		};
/* End PBXTargetDependency section */

/* Begin PBXVariantGroup section */
		A665DB331F331A8D0005BE6A /* Main.storyboard */ = {
			isa = PBXVariantGroup;
			children = (
				A665DB341F331A8D0005BE6A /* Base */,
			);
			name = Main.storyboard;
			sourceTree = "<group>";
		};
		A665DB3B1F331A8E0005BE6A /* LaunchScreen.storyboard */ = {
			isa = PBXVariantGroup;
			children = (
				A665DB3C1F331A8E0005BE6A /* Base */,
			);
			name = LaunchScreen.storyboard;
			sourceTree = "<group>";
		};
/* End PBXVariantGroup section */

/* Begin XCBuildConfiguration section */
		A665DB551F331A8E0005BE6A /* Debug */ = {
			isa = XCBuildConfiguration;
			buildSettings = {
				ALWAYS_SEARCH_USER_PATHS = NO;
				CLANG_ANALYZER_NONNULL = YES;
				CLANG_ANALYZER_NUMBER_OBJECT_CONVERSION = YES_AGGRESSIVE;
				CLANG_CXX_LANGUAGE_STANDARD = "gnu++0x";
				CLANG_CXX_LIBRARY = "libc++";
				CLANG_ENABLE_MODULES = YES;
				CLANG_ENABLE_OBJC_ARC = YES;
				CLANG_WARN_BOOL_CONVERSION = YES;
				CLANG_WARN_CONSTANT_CONVERSION = YES;
				CLANG_WARN_DIRECT_OBJC_ISA_USAGE = YES_ERROR;
				CLANG_WARN_DOCUMENTATION_COMMENTS = YES;
				CLANG_WARN_EMPTY_BODY = YES;
				CLANG_WARN_ENUM_CONVERSION = YES;
				CLANG_WARN_INFINITE_RECURSION = YES;
				CLANG_WARN_INT_CONVERSION = YES;
				CLANG_WARN_OBJC_ROOT_CLASS = YES_ERROR;
				CLANG_WARN_SUSPICIOUS_MOVE = YES;
				CLANG_WARN_UNREACHABLE_CODE = YES;
				CLANG_WARN__DUPLICATE_METHOD_MATCH = YES;
				"CODE_SIGN_IDENTITY[sdk=iphoneos*]" = "iPhone Developer";
				COPY_PHASE_STRIP = NO;
				DEBUG_INFORMATION_FORMAT = dwarf;
				ENABLE_STRICT_OBJC_MSGSEND = YES;
				ENABLE_TESTABILITY = YES;
				GCC_C_LANGUAGE_STANDARD = gnu99;
				GCC_DYNAMIC_NO_PIC = NO;
				GCC_NO_COMMON_BLOCKS = YES;
				GCC_OPTIMIZATION_LEVEL = 0;
				GCC_PREPROCESSOR_DEFINITIONS = (
					"DEBUG=1",
					"$(inherited)",
				);
				GCC_WARN_64_TO_32_BIT_CONVERSION = YES;
				GCC_WARN_ABOUT_RETURN_TYPE = YES_ERROR;
				GCC_WARN_UNDECLARED_SELECTOR = YES;
				GCC_WARN_UNINITIALIZED_AUTOS = YES_AGGRESSIVE;
				GCC_WARN_UNUSED_FUNCTION = YES;
				GCC_WARN_UNUSED_VARIABLE = YES;
				IPHONEOS_DEPLOYMENT_TARGET = 10.3;
				MTL_ENABLE_DEBUG_INFO = YES;
				ONLY_ACTIVE_ARCH = YES;
				SDKROOT = iphoneos;
				SWIFT_ACTIVE_COMPILATION_CONDITIONS = DEBUG;
				SWIFT_OPTIMIZATION_LEVEL = "-Onone";
				TARGETED_DEVICE_FAMILY = "1,2";
			};
			name = Debug;
		};
		A665DB561F331A8E0005BE6A /* Release */ = {
			isa = XCBuildConfiguration;
			buildSettings = {
				ALWAYS_SEARCH_USER_PATHS = NO;
				CLANG_ANALYZER_NONNULL = YES;
				CLANG_ANALYZER_NUMBER_OBJECT_CONVERSION = YES_AGGRESSIVE;
				CLANG_CXX_LANGUAGE_STANDARD = "gnu++0x";
				CLANG_CXX_LIBRARY = "libc++";
				CLANG_ENABLE_MODULES = YES;
				CLANG_ENABLE_OBJC_ARC = YES;
				CLANG_WARN_BOOL_CONVERSION = YES;
				CLANG_WARN_CONSTANT_CONVERSION = YES;
				CLANG_WARN_DIRECT_OBJC_ISA_USAGE = YES_ERROR;
				CLANG_WARN_DOCUMENTATION_COMMENTS = YES;
				CLANG_WARN_EMPTY_BODY = YES;
				CLANG_WARN_ENUM_CONVERSION = YES;
				CLANG_WARN_INFINITE_RECURSION = YES;
				CLANG_WARN_INT_CONVERSION = YES;
				CLANG_WARN_OBJC_ROOT_CLASS = YES_ERROR;
				CLANG_WARN_SUSPICIOUS_MOVE = YES;
				CLANG_WARN_UNREACHABLE_CODE = YES;
				CLANG_WARN__DUPLICATE_METHOD_MATCH = YES;
				"CODE_SIGN_IDENTITY[sdk=iphoneos*]" = "iPhone Developer";
				COPY_PHASE_STRIP = NO;
				DEBUG_INFORMATION_FORMAT = "dwarf-with-dsym";
				ENABLE_NS_ASSERTIONS = NO;
				ENABLE_STRICT_OBJC_MSGSEND = YES;
				GCC_C_LANGUAGE_STANDARD = gnu99;
				GCC_NO_COMMON_BLOCKS = YES;
				GCC_WARN_64_TO_32_BIT_CONVERSION = YES;
				GCC_WARN_ABOUT_RETURN_TYPE = YES_ERROR;
				GCC_WARN_UNDECLARED_SELECTOR = YES;
				GCC_WARN_UNINITIALIZED_AUTOS = YES_AGGRESSIVE;
				GCC_WARN_UNUSED_FUNCTION = YES;
				GCC_WARN_UNUSED_VARIABLE = YES;
				IPHONEOS_DEPLOYMENT_TARGET = 10.3;
				MTL_ENABLE_DEBUG_INFO = NO;
				SDKROOT = iphoneos;
				SWIFT_OPTIMIZATION_LEVEL = "-Owholemodule";
				TARGETED_DEVICE_FAMILY = "1,2";
				VALIDATE_PRODUCT = YES;
			};
			name = Release;
		};
		A665DB581F331A8E0005BE6A /* Debug */ = {
			isa = XCBuildConfiguration;
			baseConfigurationReference = 0E9398230268BF0C400ED459 /* Pods-vkauth.debug.xcconfig */;
			buildSettings = {
				ASSETCATALOG_COMPILER_APPICON_NAME = AppIcon;
				DEVELOPMENT_TEAM = M74AA7438P;
				INFOPLIST_FILE = vkauth/Info.plist;
				IPHONEOS_DEPLOYMENT_TARGET = 8.0;
				LD_RUNPATH_SEARCH_PATHS = "$(inherited) @executable_path/Frameworks";
				PRODUCT_BUNDLE_IDENTIFIER = com.astera.vkauth;
				PRODUCT_NAME = "$(TARGET_NAME)";
				SWIFT_VERSION = 3.0;
			};
			name = Debug;
		};
		A665DB591F331A8E0005BE6A /* Release */ = {
			isa = XCBuildConfiguration;
			baseConfigurationReference = 547EF9D26459ED5ACCA63CC9 /* Pods-vkauth.release.xcconfig */;
			buildSettings = {
				ASSETCATALOG_COMPILER_APPICON_NAME = AppIcon;
				DEVELOPMENT_TEAM = M74AA7438P;
				INFOPLIST_FILE = vkauth/Info.plist;
				IPHONEOS_DEPLOYMENT_TARGET = 8.0;
				LD_RUNPATH_SEARCH_PATHS = "$(inherited) @executable_path/Frameworks";
				PRODUCT_BUNDLE_IDENTIFIER = com.astera.vkauth;
				PRODUCT_NAME = "$(TARGET_NAME)";
				SWIFT_VERSION = 3.0;
			};
			name = Release;
		};
		A665DB5B1F331A8E0005BE6A /* Debug */ = {
			isa = XCBuildConfiguration;
			baseConfigurationReference = A9CEE7ABA0C84361B9D91F56 /* Pods-vkauthTests.debug.xcconfig */;
			buildSettings = {
				ALWAYS_EMBED_SWIFT_STANDARD_LIBRARIES = YES;
				BUNDLE_LOADER = "$(TEST_HOST)";
				DEVELOPMENT_TEAM = M74AA7438P;
				INFOPLIST_FILE = vkauthTests/Info.plist;
				LD_RUNPATH_SEARCH_PATHS = "$(inherited) @executable_path/Frameworks @loader_path/Frameworks";
				PRODUCT_BUNDLE_IDENTIFIER = com.astera.vkauthTests;
				PRODUCT_NAME = "$(TARGET_NAME)";
				SWIFT_VERSION = 3.0;
				TEST_HOST = "$(BUILT_PRODUCTS_DIR)/vkauth.app/vkauth";
			};
			name = Debug;
		};
		A665DB5C1F331A8E0005BE6A /* Release */ = {
			isa = XCBuildConfiguration;
			baseConfigurationReference = 20FDBF9224480BCCD2C6A5BA /* Pods-vkauthTests.release.xcconfig */;
			buildSettings = {
				ALWAYS_EMBED_SWIFT_STANDARD_LIBRARIES = YES;
				BUNDLE_LOADER = "$(TEST_HOST)";
				DEVELOPMENT_TEAM = M74AA7438P;
				INFOPLIST_FILE = vkauthTests/Info.plist;
				LD_RUNPATH_SEARCH_PATHS = "$(inherited) @executable_path/Frameworks @loader_path/Frameworks";
				PRODUCT_BUNDLE_IDENTIFIER = com.astera.vkauthTests;
				PRODUCT_NAME = "$(TARGET_NAME)";
				SWIFT_VERSION = 3.0;
				TEST_HOST = "$(BUILT_PRODUCTS_DIR)/vkauth.app/vkauth";
			};
			name = Release;
		};
		A665DB5E1F331A8E0005BE6A /* Debug */ = {
			isa = XCBuildConfiguration;
			baseConfigurationReference = 82116369151C4B647882E28C /* Pods-vkauthUITests.debug.xcconfig */;
			buildSettings = {
				ALWAYS_EMBED_SWIFT_STANDARD_LIBRARIES = YES;
				DEVELOPMENT_TEAM = M74AA7438P;
				INFOPLIST_FILE = vkauthUITests/Info.plist;
				LD_RUNPATH_SEARCH_PATHS = "$(inherited) @executable_path/Frameworks @loader_path/Frameworks";
				PRODUCT_BUNDLE_IDENTIFIER = com.astera.vkauthUITests;
				PRODUCT_NAME = "$(TARGET_NAME)";
				SWIFT_VERSION = 3.0;
				TEST_TARGET_NAME = vkauth;
			};
			name = Debug;
		};
		A665DB5F1F331A8E0005BE6A /* Release */ = {
			isa = XCBuildConfiguration;
			baseConfigurationReference = BCA99BD3447E951029C070CF /* Pods-vkauthUITests.release.xcconfig */;
			buildSettings = {
				ALWAYS_EMBED_SWIFT_STANDARD_LIBRARIES = YES;
				DEVELOPMENT_TEAM = M74AA7438P;
				INFOPLIST_FILE = vkauthUITests/Info.plist;
				LD_RUNPATH_SEARCH_PATHS = "$(inherited) @executable_path/Frameworks @loader_path/Frameworks";
				PRODUCT_BUNDLE_IDENTIFIER = com.astera.vkauthUITests;
				PRODUCT_NAME = "$(TARGET_NAME)";
				SWIFT_VERSION = 3.0;
				TEST_TARGET_NAME = vkauth;
			};
			name = Release;
		};
/* End XCBuildConfiguration section */

/* Begin XCConfigurationList section */
		A665DB271F331A8D0005BE6A /* Build configuration list for PBXProject "vkauth" */ = {
			isa = XCConfigurationList;
			buildConfigurations = (
				A665DB551F331A8E0005BE6A /* Debug */,
				A665DB561F331A8E0005BE6A /* Release */,
			);
			defaultConfigurationIsVisible = 0;
			defaultConfigurationName = Release;
		};
		A665DB571F331A8E0005BE6A /* Build configuration list for PBXNativeTarget "vkauth" */ = {
			isa = XCConfigurationList;
			buildConfigurations = (
				A665DB581F331A8E0005BE6A /* Debug */,
				A665DB591F331A8E0005BE6A /* Release */,
			);
			defaultConfigurationIsVisible = 0;
			defaultConfigurationName = Release;
		};
		A665DB5A1F331A8E0005BE6A /* Build configuration list for PBXNativeTarget "vkauthTests" */ = {
			isa = XCConfigurationList;
			buildConfigurations = (
				A665DB5B1F331A8E0005BE6A /* Debug */,
				A665DB5C1F331A8E0005BE6A /* Release */,
			);
			defaultConfigurationIsVisible = 0;
			defaultConfigurationName = Release;
		};
		A665DB5D1F331A8E0005BE6A /* Build configuration list for PBXNativeTarget "vkauthUITests" */ = {
			isa = XCConfigurationList;
			buildConfigurations = (
				A665DB5E1F331A8E0005BE6A /* Debug */,
				A665DB5F1F331A8E0005BE6A /* Release */,
			);
			defaultConfigurationIsVisible = 0;
			defaultConfigurationName = Release;
		};
/* End XCConfigurationList section */

/* Begin XCVersionGroup section */
		A665DB361F331A8E0005BE6A /* vkauth.xcdatamodeld */ = {
			isa = XCVersionGroup;
			children = (
				A665DB371F331A8E0005BE6A /* vkauth.xcdatamodel */,
			);
			currentVersion = A665DB371F331A8E0005BE6A /* vkauth.xcdatamodel */;
			path = vkauth.xcdatamodeld;
			sourceTree = "<group>";
			versionGroupType = wrapper.xcdatamodel;
		};
/* End XCVersionGroup section */
	};
	rootObject = A665DB241F331A8D0005BE6A /* Project object */;
}
